
Microsoft Visual Studio Solution File, Format Version 12.00
# Visual Studio Version 16
VisualStudioVersion = 16.0.29728.190
MinimumVisualStudioVersion = 10.0.40219.1
Project("{FAE04EC0-301F-11D3-BF4B-00C04F79EFBC}") = "PuyuhAir", "PuyuhAir\PuyuhAir.csproj", "{7AC339FA-DCED-4BE1-82DE-84D12F1E2129}"
EndProject
Project("{FAE04EC0-301F-11D3-BF4B-00C04F79EFBC}") = "PuyuhAirLogic", "PuyuhAirLogic\PuyuhAirLogic.csproj", "{6D390C6B-9A77-439B-95F6-14046C305BA7}"
EndProject
Project("{FAE04EC0-301F-11D3-BF4B-00C04F79EFBC}") = "PuyuhAirService", "PuyuhAirService\PuyuhAirService.csproj", "{1F21263D-EDBA-4F8D-98D4-ADD8A1E02AF0}"
EndProject
Global
	GlobalSection(SolutionConfigurationPlatforms) = preSolution
		Debug|Any CPU = Debug|Any CPU
		Release|Any CPU = Release|Any CPU
	EndGlobalSection
	GlobalSection(ProjectConfigurationPlatforms) = postSolution
		{7AC339FA-DCED-4BE1-82DE-84D12F1E2129}.Debug|Any CPU.ActiveCfg = Debug|Any CPU
		{7AC339FA-DCED-4BE1-82DE-84D12F1E2129}.Debug|Any CPU.Build.0 = Debug|Any CPU
		{7AC339FA-DCED-4BE1-82DE-84D12F1E2129}.Release|Any CPU.ActiveCfg = Release|Any CPU
		{7AC339FA-DCED-4BE1-82DE-84D12F1E2129}.Release|Any CPU.Build.0 = Release|Any CPU
		{6D390C6B-9A77-439B-95F6-14046C305BA7}.Debug|Any CPU.ActiveCfg = Debug|Any CPU
		{6D390C6B-9A77-439B-95F6-14046C305BA7}.Debug|Any CPU.Build.0 = Debug|Any CPU
		{6D390C6B-9A77-439B-95F6-14046C305BA7}.Release|Any CPU.ActiveCfg = Release|Any CPU
		{6D390C6B-9A77-439B-95F6-14046C305BA7}.Release|Any CPU.Build.0 = Release|Any CPU
		{1F21263D-EDBA-4F8D-98D4-ADD8A1E02AF0}.Debug|Any CPU.ActiveCfg = Debug|Any CPU
		{1F21263D-EDBA-4F8D-98D4-ADD8A1E02AF0}.Debug|Any CPU.Build.0 = Debug|Any CPU
		{1F21263D-EDBA-4F8D-98D4-ADD8A1E02AF0}.Release|Any CPU.ActiveCfg = Release|Any CPU
		{1F21263D-EDBA-4F8D-98D4-ADD8A1E02AF0}.Release|Any CPU.Build.0 = Release|Any CPU
	EndGlobalSection
	GlobalSection(SolutionProperties) = preSolution
		HideSolutionNode = FALSE
	EndGlobalSection
	GlobalSection(ExtensibilityGlobals) = postSolution
		SolutionGuid = {F10C22CF-9B2D-4905-9960-17DBC8A709E8}
	EndGlobalSection
EndGlobal
